
Microsoft Visual Studio Solution File, Format Version 12.00
# Visual Studio Version 16
VisualStudioVersion = 16.0.30611.23
MinimumVisualStudioVersion = 10.0.40219.1
Project("{8BC9CEB8-8B4A-11D0-8D11-00A0C91BC942}") = "algoritmKruskal", "algoritmKruskal.vcxproj", "{F34C40AD-2375-47A6-9846-AF9B6522DF14}"
EndProject
Global
	GlobalSection(SolutionConfigurationPlatforms) = preSolution
		Debug|x64 = Debug|x64
		Debug|x86 = Debug|x86
		Release|x64 = Release|x64
		Release|x86 = Release|x86
	EndGlobalSection
	GlobalSection(ProjectConfigurationPlatforms) = postSolution
		{F34C40AD-2375-47A6-9846-AF9B6522DF14}.Debug|x64.ActiveCfg = Debug|x64
		{F34C40AD-2375-47A6-9846-AF9B6522DF14}.Debug|x64.Build.0 = Debug|x64
		{F34C40AD-2375-47A6-9846-AF9B6522DF14}.Debug|x86.ActiveCfg = Debug|Win32
		{F34C40AD-2375-47A6-9846-AF9B6522DF14}.Debug|x86.Build.0 = Debug|Win32
		{F34C40AD-2375-47A6-9846-AF9B6522DF14}.Release|x64.ActiveCfg = Release|x64
		{F34C40AD-2375-47A6-9846-AF9B6522DF14}.Release|x64.Build.0 = Release|x64
		{F34C40AD-2375-47A6-9846-AF9B6522DF14}.Release|x86.ActiveCfg = Release|Win32
		{F34C40AD-2375-47A6-9846-AF9B6522DF14}.Release|x86.Build.0 = Release|Win32
	EndGlobalSection
	GlobalSection(SolutionProperties) = preSolution
		HideSolutionNode = FALSE
	EndGlobalSection
	GlobalSection(ExtensibilityGlobals) = postSolution
		SolutionGuid = {979B95E6-E446-4B28-95A1-7CE54410C4A4}
	EndGlobalSection
EndGlobal
