
Microsoft Visual Studio Solution File, Format Version 12.00
# Visual Studio Version 16
VisualStudioVersion = 16.0.30611.23
MinimumVisualStudioVersion = 10.0.40219.1
Project("{FAE04EC0-301F-11D3-BF4B-00C04F79EFBC}") = "IncercareCuBd", "IncercareCuBd.csproj", "{805A3F75-1181-45A8-9D51-41D1F994769E}"
EndProject
Global
	GlobalSection(SolutionConfigurationPlatforms) = preSolution
		Debug|Any CPU = Debug|Any CPU
		Release|Any CPU = Release|Any CPU
	EndGlobalSection
	GlobalSection(ProjectConfigurationPlatforms) = postSolution
		{805A3F75-1181-45A8-9D51-41D1F994769E}.Debug|Any CPU.ActiveCfg = Debug|Any CPU
		{805A3F75-1181-45A8-9D51-41D1F994769E}.Debug|Any CPU.Build.0 = Debug|Any CPU
		{805A3F75-1181-45A8-9D51-41D1F994769E}.Release|Any CPU.ActiveCfg = Release|Any CPU
		{805A3F75-1181-45A8-9D51-41D1F994769E}.Release|Any CPU.Build.0 = Release|Any CPU
	EndGlobalSection
	GlobalSection(SolutionProperties) = preSolution
		HideSolutionNode = FALSE
	EndGlobalSection
	GlobalSection(ExtensibilityGlobals) = postSolution
		SolutionGuid = {65E6341B-FC86-4DCD-8BBC-6950FD4DEB71}
	EndGlobalSection
EndGlobal
