
Microsoft Visual Studio Solution File, Format Version 12.00
# Visual Studio Version 16
VisualStudioVersion = 16.0.30611.23
MinimumVisualStudioVersion = 10.0.40219.1
Project("{FAE04EC0-301F-11D3-BF4B-00C04F79EFBC}") = "CarutasuAdrianaS43", "CarutasuAdrianaS43.csproj", "{D99809F3-FC52-428E-B3B5-92C6F00B7C31}"
EndProject
Global
	GlobalSection(SolutionConfigurationPlatforms) = preSolution
		Debug|Any CPU = Debug|Any CPU
		Release|Any CPU = Release|Any CPU
	EndGlobalSection
	GlobalSection(ProjectConfigurationPlatforms) = postSolution
		{D99809F3-FC52-428E-B3B5-92C6F00B7C31}.Debug|Any CPU.ActiveCfg = Debug|Any CPU
		{D99809F3-FC52-428E-B3B5-92C6F00B7C31}.Debug|Any CPU.Build.0 = Debug|Any CPU
		{D99809F3-FC52-428E-B3B5-92C6F00B7C31}.Release|Any CPU.ActiveCfg = Release|Any CPU
		{D99809F3-FC52-428E-B3B5-92C6F00B7C31}.Release|Any CPU.Build.0 = Release|Any CPU
	EndGlobalSection
	GlobalSection(SolutionProperties) = preSolution
		HideSolutionNode = FALSE
	EndGlobalSection
	GlobalSection(ExtensibilityGlobals) = postSolution
		SolutionGuid = {D5F2B299-ECDE-47B2-919B-C127A11468C4}
	EndGlobalSection
EndGlobal
