
Microsoft Visual Studio Solution File, Format Version 12.00
# Visual Studio Version 16
VisualStudioVersion = 16.0.30611.23
MinimumVisualStudioVersion = 10.0.40219.1
Project("{FAE04EC0-301F-11D3-BF4B-00C04F79EFBC}") = "RecapExamen", "RecapExamen.csproj", "{0442CEDD-A6B8-4717-A748-62F5F7CD7AE6}"
EndProject
Global
	GlobalSection(SolutionConfigurationPlatforms) = preSolution
		Debug|Any CPU = Debug|Any CPU
		Release|Any CPU = Release|Any CPU
	EndGlobalSection
	GlobalSection(ProjectConfigurationPlatforms) = postSolution
		{0442CEDD-A6B8-4717-A748-62F5F7CD7AE6}.Debug|Any CPU.ActiveCfg = Debug|Any CPU
		{0442CEDD-A6B8-4717-A748-62F5F7CD7AE6}.Debug|Any CPU.Build.0 = Debug|Any CPU
		{0442CEDD-A6B8-4717-A748-62F5F7CD7AE6}.Release|Any CPU.ActiveCfg = Release|Any CPU
		{0442CEDD-A6B8-4717-A748-62F5F7CD7AE6}.Release|Any CPU.Build.0 = Release|Any CPU
	EndGlobalSection
	GlobalSection(SolutionProperties) = preSolution
		HideSolutionNode = FALSE
	EndGlobalSection
	GlobalSection(ExtensibilityGlobals) = postSolution
		SolutionGuid = {C9E2C4C7-F685-4408-8CB8-73475C750096}
	EndGlobalSection
EndGlobal
