
Microsoft Visual Studio Solution File, Format Version 12.00
# Visual Studio Version 16
VisualStudioVersion = 16.0.31729.503
MinimumVisualStudioVersion = 10.0.40219.1
Project("{FAE04EC0-301F-11D3-BF4B-00C04F79EFBC}") = "WebApplication2", "WebApplication2.csproj", "{749FB981-E0E8-4BB3-A6B0-E4A021503B36}"
EndProject
Global
	GlobalSection(SolutionConfigurationPlatforms) = preSolution
		Debug|Any CPU = Debug|Any CPU
		Release|Any CPU = Release|Any CPU
	EndGlobalSection
	GlobalSection(ProjectConfigurationPlatforms) = postSolution
		{749FB981-E0E8-4BB3-A6B0-E4A021503B36}.Debug|Any CPU.ActiveCfg = Debug|Any CPU
		{749FB981-E0E8-4BB3-A6B0-E4A021503B36}.Debug|Any CPU.Build.0 = Debug|Any CPU
		{749FB981-E0E8-4BB3-A6B0-E4A021503B36}.Release|Any CPU.ActiveCfg = Release|Any CPU
		{749FB981-E0E8-4BB3-A6B0-E4A021503B36}.Release|Any CPU.Build.0 = Release|Any CPU
	EndGlobalSection
	GlobalSection(SolutionProperties) = preSolution
		HideSolutionNode = FALSE
	EndGlobalSection
	GlobalSection(ExtensibilityGlobals) = postSolution
		SolutionGuid = {826E07DA-02CF-44A1-A3B5-18FB54BEA611}
	EndGlobalSection
EndGlobal
