
Microsoft Visual Studio Solution File, Format Version 12.00
# Visual Studio Version 16
VisualStudioVersion = 16.0.30611.23
MinimumVisualStudioVersion = 10.0.40219.1
Project("{8BC9CEB8-8B4A-11D0-8D11-00A0C91BC942}") = "Fibonacci", "Fibonacci.vcxproj", "{F04CA59A-29E6-4233-A68A-E6F84380286F}"
EndProject
Global
	GlobalSection(SolutionConfigurationPlatforms) = preSolution
		Debug|x64 = Debug|x64
		Debug|x86 = Debug|x86
		Release|x64 = Release|x64
		Release|x86 = Release|x86
	EndGlobalSection
	GlobalSection(ProjectConfigurationPlatforms) = postSolution
		{F04CA59A-29E6-4233-A68A-E6F84380286F}.Debug|x64.ActiveCfg = Debug|x64
		{F04CA59A-29E6-4233-A68A-E6F84380286F}.Debug|x64.Build.0 = Debug|x64
		{F04CA59A-29E6-4233-A68A-E6F84380286F}.Debug|x86.ActiveCfg = Debug|Win32
		{F04CA59A-29E6-4233-A68A-E6F84380286F}.Debug|x86.Build.0 = Debug|Win32
		{F04CA59A-29E6-4233-A68A-E6F84380286F}.Release|x64.ActiveCfg = Release|x64
		{F04CA59A-29E6-4233-A68A-E6F84380286F}.Release|x64.Build.0 = Release|x64
		{F04CA59A-29E6-4233-A68A-E6F84380286F}.Release|x86.ActiveCfg = Release|Win32
		{F04CA59A-29E6-4233-A68A-E6F84380286F}.Release|x86.Build.0 = Release|Win32
	EndGlobalSection
	GlobalSection(SolutionProperties) = preSolution
		HideSolutionNode = FALSE
	EndGlobalSection
	GlobalSection(ExtensibilityGlobals) = postSolution
		SolutionGuid = {35A5F7ED-590A-476F-B8C8-BB51C782073E}
	EndGlobalSection
EndGlobal
