
Microsoft Visual Studio Solution File, Format Version 12.00
# Visual Studio Version 16
VisualStudioVersion = 16.0.31729.503
MinimumVisualStudioVersion = 10.0.40219.1
Project("{FAE04EC0-301F-11D3-BF4B-00C04F79EFBC}") = "WebApplication1", "WebApplication1.csproj", "{CF4AAD89-7CC4-4C24-A039-19F28E46E43C}"
EndProject
Global
	GlobalSection(SolutionConfigurationPlatforms) = preSolution
		Debug|Any CPU = Debug|Any CPU
		Release|Any CPU = Release|Any CPU
	EndGlobalSection
	GlobalSection(ProjectConfigurationPlatforms) = postSolution
		{CF4AAD89-7CC4-4C24-A039-19F28E46E43C}.Debug|Any CPU.ActiveCfg = Debug|Any CPU
		{CF4AAD89-7CC4-4C24-A039-19F28E46E43C}.Debug|Any CPU.Build.0 = Debug|Any CPU
		{CF4AAD89-7CC4-4C24-A039-19F28E46E43C}.Release|Any CPU.ActiveCfg = Release|Any CPU
		{CF4AAD89-7CC4-4C24-A039-19F28E46E43C}.Release|Any CPU.Build.0 = Release|Any CPU
	EndGlobalSection
	GlobalSection(SolutionProperties) = preSolution
		HideSolutionNode = FALSE
	EndGlobalSection
	GlobalSection(ExtensibilityGlobals) = postSolution
		SolutionGuid = {9E70674F-A587-4F03-81E0-3F039A9B32AA}
	EndGlobalSection
EndGlobal
