
Microsoft Visual Studio Solution File, Format Version 12.00
# Visual Studio Version 16
VisualStudioVersion = 16.0.30611.23
MinimumVisualStudioVersion = 10.0.40219.1
Project("{FAE04EC0-301F-11D3-BF4B-00C04F79EFBC}") = "Lab4", "Lab4.csproj", "{71C5F27A-9982-4810-BD81-1F6BD776E392}"
EndProject
Global
	GlobalSection(SolutionConfigurationPlatforms) = preSolution
		Debug|Any CPU = Debug|Any CPU
		Release|Any CPU = Release|Any CPU
	EndGlobalSection
	GlobalSection(ProjectConfigurationPlatforms) = postSolution
		{71C5F27A-9982-4810-BD81-1F6BD776E392}.Debug|Any CPU.ActiveCfg = Debug|Any CPU
		{71C5F27A-9982-4810-BD81-1F6BD776E392}.Debug|Any CPU.Build.0 = Debug|Any CPU
		{71C5F27A-9982-4810-BD81-1F6BD776E392}.Release|Any CPU.ActiveCfg = Release|Any CPU
		{71C5F27A-9982-4810-BD81-1F6BD776E392}.Release|Any CPU.Build.0 = Release|Any CPU
	EndGlobalSection
	GlobalSection(SolutionProperties) = preSolution
		HideSolutionNode = FALSE
	EndGlobalSection
	GlobalSection(ExtensibilityGlobals) = postSolution
		SolutionGuid = {3147DB1C-862D-4534-993A-C40452CCD490}
	EndGlobalSection
EndGlobal
