
Microsoft Visual Studio Solution File, Format Version 12.00
# Visual Studio Version 16
VisualStudioVersion = 16.0.30523.141
MinimumVisualStudioVersion = 10.0.40219.1
Project("{FAE04EC0-301F-11D3-BF4B-00C04F79EFBC}") = "Incercare1", "Incercare1\Incercare1.csproj", "{469131FE-33C2-43D8-BA53-15B61F7011BA}"
EndProject
Global
	GlobalSection(SolutionConfigurationPlatforms) = preSolution
		Debug|Any CPU = Debug|Any CPU
		Release|Any CPU = Release|Any CPU
	EndGlobalSection
	GlobalSection(ProjectConfigurationPlatforms) = postSolution
		{469131FE-33C2-43D8-BA53-15B61F7011BA}.Debug|Any CPU.ActiveCfg = Debug|Any CPU
		{469131FE-33C2-43D8-BA53-15B61F7011BA}.Debug|Any CPU.Build.0 = Debug|Any CPU
		{469131FE-33C2-43D8-BA53-15B61F7011BA}.Release|Any CPU.ActiveCfg = Release|Any CPU
		{469131FE-33C2-43D8-BA53-15B61F7011BA}.Release|Any CPU.Build.0 = Release|Any CPU
	EndGlobalSection
	GlobalSection(SolutionProperties) = preSolution
		HideSolutionNode = FALSE
	EndGlobalSection
	GlobalSection(ExtensibilityGlobals) = postSolution
		SolutionGuid = {A171EB28-E3B9-4B1C-9826-DE7034266D36}
	EndGlobalSection
EndGlobal
